// !$*UTF8*$!
{
	archiveVersion = 1;
	classes = {
	};
	objectVersion = 51;
	objects = {

/* Begin PBXBuildFile section */
		43ADE384E353CE2A35D13BE9 /* Pods_Bot_L.framework in Frameworks */ = {isa = PBXBuildFile; fileRef = 521AF1AD4C2E4548E7604813 /* Pods_Bot_L.framework */; };
		4B0681A9D2B23EA2B818D527 /* Pods_Bot_LTests.framework in Frameworks */ = {isa = PBXBuildFile; fileRef = 255AD96F515037156A2ED719 /* Pods_Bot_LTests.framework */; };
		B815C404259A033300CFC654 /* DbHelper.swift in Sources */ = {isa = PBXBuildFile; fileRef = B815C403259A033300CFC654 /* DbHelper.swift */; };
		B89C335A24B218C1007DC4EE /* Bot.swift in Sources */ = {isa = PBXBuildFile; fileRef = B89C335924B218C1007DC4EE /* Bot.swift */; };
		B89C335D24B21F00007DC4EE /* KeyboardAware.swift in Sources */ = {isa = PBXBuildFile; fileRef = B89C335C24B21F00007DC4EE /* KeyboardAware.swift */; };
		B89C335F24B54623007DC4EE /* Voice.swift in Sources */ = {isa = PBXBuildFile; fileRef = B89C335E24B54623007DC4EE /* Voice.swift */; };
		B89E506424B16CF30022F9C7 /* AppDelegate.swift in Sources */ = {isa = PBXBuildFile; fileRef = B89E506324B16CF30022F9C7 /* AppDelegate.swift */; };
		B89E506624B16CF30022F9C7 /* SceneDelegate.swift in Sources */ = {isa = PBXBuildFile; fileRef = B89E506524B16CF30022F9C7 /* SceneDelegate.swift */; };
		B89E506A24B16CFC0022F9C7 /* Assets.xcassets in Resources */ = {isa = PBXBuildFile; fileRef = B89E506924B16CFC0022F9C7 /* Assets.xcassets */; };
		B89E506D24B16CFC0022F9C7 /* Preview Assets.xcassets in Resources */ = {isa = PBXBuildFile; fileRef = B89E506C24B16CFC0022F9C7 /* Preview Assets.xcassets */; };
		B89E507024B16CFC0022F9C7 /* LaunchScreen.storyboard in Resources */ = {isa = PBXBuildFile; fileRef = B89E506E24B16CFC0022F9C7 /* LaunchScreen.storyboard */; };
		B89E507B24B16CFD0022F9C7 /* Bot_LTests.swift in Sources */ = {isa = PBXBuildFile; fileRef = B89E507A24B16CFD0022F9C7 /* Bot_LTests.swift */; };
		B89E508924B171E60022F9C7 /* User.swift in Sources */ = {isa = PBXBuildFile; fileRef = B89E508824B171E60022F9C7 /* User.swift */; };
		B89E508B24B171ED0022F9C7 /* Message.swift in Sources */ = {isa = PBXBuildFile; fileRef = B89E508A24B171ED0022F9C7 /* Message.swift */; };
		B89E508E24B172FA0022F9C7 /* ContentMessageView.swift in Sources */ = {isa = PBXBuildFile; fileRef = B89E508D24B172FA0022F9C7 /* ContentMessageView.swift */; };
		B89E509024B176420022F9C7 /* MessageView.swift in Sources */ = {isa = PBXBuildFile; fileRef = B89E508F24B176420022F9C7 /* MessageView.swift */; };
		B89E509224B17CAC0022F9C7 /* ChatHelper.swift in Sources */ = {isa = PBXBuildFile; fileRef = B89E509124B17CAC0022F9C7 /* ChatHelper.swift */; };
		B89E509424B181E60022F9C7 /* ChatView.swift in Sources */ = {isa = PBXBuildFile; fileRef = B89E509324B181E60022F9C7 /* ChatView.swift */; };
		B89E509624B186300022F9C7 /* DataSource.swift in Sources */ = {isa = PBXBuildFile; fileRef = B89E509524B186300022F9C7 /* DataSource.swift */; };
/* End PBXBuildFile section */

/* Begin PBXContainerItemProxy section */
		B89E507724B16CFD0022F9C7 /* PBXContainerItemProxy */ = {
			isa = PBXContainerItemProxy;
			containerPortal = B89E505824B16CF30022F9C7 /* Project object */;
			proxyType = 1;
			remoteGlobalIDString = B89E505F24B16CF30022F9C7;
			remoteInfo = "Bot L";
		};
/* End PBXContainerItemProxy section */

/* Begin PBXFileReference section */
		255AD96F515037156A2ED719 /* Pods_Bot_LTests.framework */ = {isa = PBXFileReference; explicitFileType = wrapper.framework; includeInIndex = 0; path = Pods_Bot_LTests.framework; sourceTree = BUILT_PRODUCTS_DIR; };
		4C3BEE18617127D11FC2A643 /* Pods-Bot L.release.xcconfig */ = {isa = PBXFileReference; includeInIndex = 1; lastKnownFileType = text.xcconfig; name = "Pods-Bot L.release.xcconfig"; path = "Target Support Files/Pods-Bot L/Pods-Bot L.release.xcconfig"; sourceTree = "<group>"; };
		521AF1AD4C2E4548E7604813 /* Pods_Bot_L.framework */ = {isa = PBXFileReference; explicitFileType = wrapper.framework; includeInIndex = 0; path = Pods_Bot_L.framework; sourceTree = BUILT_PRODUCTS_DIR; };
		B815C403259A033300CFC654 /* DbHelper.swift */ = {isa = PBXFileReference; lastKnownFileType = sourcecode.swift; path = DbHelper.swift; sourceTree = "<group>"; };
		B89C335924B218C1007DC4EE /* Bot.swift */ = {isa = PBXFileReference; lastKnownFileType = sourcecode.swift; path = Bot.swift; sourceTree = "<group>"; };
		B89C335C24B21F00007DC4EE /* KeyboardAware.swift */ = {isa = PBXFileReference; lastKnownFileType = sourcecode.swift; path = KeyboardAware.swift; sourceTree = "<group>"; };
		B89C335E24B54623007DC4EE /* Voice.swift */ = {isa = PBXFileReference; lastKnownFileType = sourcecode.swift; path = Voice.swift; sourceTree = "<group>"; };
		B89E506024B16CF30022F9C7 /* Bot L.app */ = {isa = PBXFileReference; explicitFileType = wrapper.application; includeInIndex = 0; path = "Bot L.app"; sourceTree = BUILT_PRODUCTS_DIR; };
		B89E506324B16CF30022F9C7 /* AppDelegate.swift */ = {isa = PBXFileReference; lastKnownFileType = sourcecode.swift; path = AppDelegate.swift; sourceTree = "<group>"; };
		B89E506524B16CF30022F9C7 /* SceneDelegate.swift */ = {isa = PBXFileReference; lastKnownFileType = sourcecode.swift; path = SceneDelegate.swift; sourceTree = "<group>"; };
		B89E506924B16CFC0022F9C7 /* Assets.xcassets */ = {isa = PBXFileReference; lastKnownFileType = folder.assetcatalog; path = Assets.xcassets; sourceTree = "<group>"; };
		B89E506C24B16CFC0022F9C7 /* Preview Assets.xcassets */ = {isa = PBXFileReference; lastKnownFileType = folder.assetcatalog; path = "Preview Assets.xcassets"; sourceTree = "<group>"; };
		B89E506F24B16CFC0022F9C7 /* Base */ = {isa = PBXFileReference; lastKnownFileType = file.storyboard; name = Base; path = Base.lproj/LaunchScreen.storyboard; sourceTree = "<group>"; };
		B89E507124B16CFC0022F9C7 /* Info.plist */ = {isa = PBXFileReference; lastKnownFileType = text.plist.xml; path = Info.plist; sourceTree = "<group>"; };
		B89E507624B16CFD0022F9C7 /* Bot LTests.xctest */ = {isa = PBXFileReference; explicitFileType = wrapper.cfbundle; includeInIndex = 0; path = "Bot LTests.xctest"; sourceTree = BUILT_PRODUCTS_DIR; };
		B89E507A24B16CFD0022F9C7 /* Bot_LTests.swift */ = {isa = PBXFileReference; lastKnownFileType = sourcecode.swift; path = Bot_LTests.swift; sourceTree = "<group>"; };
		B89E507C24B16CFD0022F9C7 /* Info.plist */ = {isa = PBXFileReference; lastKnownFileType = text.plist.xml; path = Info.plist; sourceTree = "<group>"; };
		B89E508824B171E60022F9C7 /* User.swift */ = {isa = PBXFileReference; lastKnownFileType = sourcecode.swift; path = User.swift; sourceTree = "<group>"; };
		B89E508A24B171ED0022F9C7 /* Message.swift */ = {isa = PBXFileReference; lastKnownFileType = sourcecode.swift; path = Message.swift; sourceTree = "<group>"; };
		B89E508D24B172FA0022F9C7 /* ContentMessageView.swift */ = {isa = PBXFileReference; lastKnownFileType = sourcecode.swift; path = ContentMessageView.swift; sourceTree = "<group>"; };
		B89E508F24B176420022F9C7 /* MessageView.swift */ = {isa = PBXFileReference; lastKnownFileType = sourcecode.swift; path = MessageView.swift; sourceTree = "<group>"; };
		B89E509124B17CAC0022F9C7 /* ChatHelper.swift */ = {isa = PBXFileReference; lastKnownFileType = sourcecode.swift; path = ChatHelper.swift; sourceTree = "<group>"; };
		B89E509324B181E60022F9C7 /* ChatView.swift */ = {isa = PBXFileReference; lastKnownFileType = sourcecode.swift; path = ChatView.swift; sourceTree = "<group>"; };
		B89E509524B186300022F9C7 /* DataSource.swift */ = {isa = PBXFileReference; lastKnownFileType = sourcecode.swift; path = DataSource.swift; sourceTree = "<group>"; };
		C8F7D28ECB09F13AC825637F /* Pods-Bot L.debug.xcconfig */ = {isa = PBXFileReference; includeInIndex = 1; lastKnownFileType = text.xcconfig; name = "Pods-Bot L.debug.xcconfig"; path = "Target Support Files/Pods-Bot L/Pods-Bot L.debug.xcconfig"; sourceTree = "<group>"; };
		DD38C723A97EA249016505AB /* Pods-Bot LTests.debug.xcconfig */ = {isa = PBXFileReference; includeInIndex = 1; lastKnownFileType = text.xcconfig; name = "Pods-Bot LTests.debug.xcconfig"; path = "Target Support Files/Pods-Bot LTests/Pods-Bot LTests.debug.xcconfig"; sourceTree = "<group>"; };
		E3E0A77BC1B2A739EE9A186C /* Pods-Bot LTests.release.xcconfig */ = {isa = PBXFileReference; includeInIndex = 1; lastKnownFileType = text.xcconfig; name = "Pods-Bot LTests.release.xcconfig"; path = "Target Support Files/Pods-Bot LTests/Pods-Bot LTests.release.xcconfig"; sourceTree = "<group>"; };
/* End PBXFileReference section */

/* Begin PBXFrameworksBuildPhase section */
		B89E505D24B16CF30022F9C7 /* Frameworks */ = {
			isa = PBXFrameworksBuildPhase;
			buildActionMask = 2147483647;
			files = (
				43ADE384E353CE2A35D13BE9 /* Pods_Bot_L.framework in Frameworks */,
			);
			runOnlyForDeploymentPostprocessing = 0;
		};
		B89E507324B16CFD0022F9C7 /* Frameworks */ = {
			isa = PBXFrameworksBuildPhase;
			buildActionMask = 2147483647;
			files = (
				4B0681A9D2B23EA2B818D527 /* Pods_Bot_LTests.framework in Frameworks */,
			);
			runOnlyForDeploymentPostprocessing = 0;
		};
/* End PBXFrameworksBuildPhase section */

/* Begin PBXGroup section */
		A83F94AD8411B2599A4C348C /* Frameworks */ = {
			isa = PBXGroup;
			children = (
				521AF1AD4C2E4548E7604813 /* Pods_Bot_L.framework */,
				255AD96F515037156A2ED719 /* Pods_Bot_LTests.framework */,
			);
			name = Frameworks;
			sourceTree = "<group>";
		};
		B89C335824B21889007DC4EE /* Tuling */ = {
			isa = PBXGroup;
			children = (
				B89C335924B218C1007DC4EE /* Bot.swift */,
				B89C335E24B54623007DC4EE /* Voice.swift */,
			);
			path = Tuling;
			sourceTree = "<group>";
		};
		B89C335B24B21EF0007DC4EE /* Extensions */ = {
			isa = PBXGroup;
			children = (
				B89C335C24B21F00007DC4EE /* KeyboardAware.swift */,
			);
			path = Extensions;
			sourceTree = "<group>";
		};
		B89E505724B16CF30022F9C7 = {
			isa = PBXGroup;
			children = (
				B89E506224B16CF30022F9C7 /* Bot L */,
				B89E507924B16CFD0022F9C7 /* Bot LTests */,
				B89E506124B16CF30022F9C7 /* Products */,
				EC61F91B87A7FF10F41AF0FB /* Pods */,
				A83F94AD8411B2599A4C348C /* Frameworks */,
			);
			sourceTree = "<group>";
		};
		B89E506124B16CF30022F9C7 /* Products */ = {
			isa = PBXGroup;
			children = (
				B89E506024B16CF30022F9C7 /* Bot L.app */,
				B89E507624B16CFD0022F9C7 /* Bot LTests.xctest */,
			);
			name = Products;
			sourceTree = "<group>";
		};
		B89E506224B16CF30022F9C7 /* Bot L */ = {
			isa = PBXGroup;
			children = (
				B89C335B24B21EF0007DC4EE /* Extensions */,
				B89C335824B21889007DC4EE /* Tuling */,
				B89E508C24B172D80022F9C7 /* Views */,
				B89E508724B171D80022F9C7 /* Models */,
				B89E508624B171AF0022F9C7 /* Controllers */,
				B89E506324B16CF30022F9C7 /* AppDelegate.swift */,
				B89E506524B16CF30022F9C7 /* SceneDelegate.swift */,
				B89E506924B16CFC0022F9C7 /* Assets.xcassets */,
				B89E506E24B16CFC0022F9C7 /* LaunchScreen.storyboard */,
				B89E507124B16CFC0022F9C7 /* Info.plist */,
				B89E506B24B16CFC0022F9C7 /* Preview Content */,
			);
			path = "Bot L";
			sourceTree = "<group>";
		};
		B89E506B24B16CFC0022F9C7 /* Preview Content */ = {
			isa = PBXGroup;
			children = (
				B89E506C24B16CFC0022F9C7 /* Preview Assets.xcassets */,
			);
			path = "Preview Content";
			sourceTree = "<group>";
		};
		B89E507924B16CFD0022F9C7 /* Bot LTests */ = {
			isa = PBXGroup;
			children = (
				B89E507A24B16CFD0022F9C7 /* Bot_LTests.swift */,
				B89E507C24B16CFD0022F9C7 /* Info.plist */,
			);
			path = "Bot LTests";
			sourceTree = "<group>";
		};
		B89E508624B171AF0022F9C7 /* Controllers */ = {
			isa = PBXGroup;
			children = (
				B89E509124B17CAC0022F9C7 /* ChatHelper.swift */,
			);
			path = Controllers;
			sourceTree = "<group>";
		};
		B89E508724B171D80022F9C7 /* Models */ = {
			isa = PBXGroup;
			children = (
				B89E508824B171E60022F9C7 /* User.swift */,
				B89E508A24B171ED0022F9C7 /* Message.swift */,
				B89E509524B186300022F9C7 /* DataSource.swift */,
				B815C403259A033300CFC654 /* DbHelper.swift */,
			);
			path = Models;
			sourceTree = "<group>";
		};
		B89E508C24B172D80022F9C7 /* Views */ = {
			isa = PBXGroup;
			children = (
				B89E508D24B172FA0022F9C7 /* ContentMessageView.swift */,
				B89E508F24B176420022F9C7 /* MessageView.swift */,
				B89E509324B181E60022F9C7 /* ChatView.swift */,
			);
			path = Views;
			sourceTree = "<group>";
		};
		EC61F91B87A7FF10F41AF0FB /* Pods */ = {
			isa = PBXGroup;
			children = (
				C8F7D28ECB09F13AC825637F /* Pods-Bot L.debug.xcconfig */,
				4C3BEE18617127D11FC2A643 /* Pods-Bot L.release.xcconfig */,
				DD38C723A97EA249016505AB /* Pods-Bot LTests.debug.xcconfig */,
				E3E0A77BC1B2A739EE9A186C /* Pods-Bot LTests.release.xcconfig */,
			);
			path = Pods;
			sourceTree = "<group>";
		};
/* End PBXGroup section */

/* Begin PBXNativeTarget section */
		B89E505F24B16CF30022F9C7 /* Bot L */ = {
			isa = PBXNativeTarget;
			buildConfigurationList = B89E507F24B16CFD0022F9C7 /* Build configuration list for PBXNativeTarget "Bot L" */;
			buildPhases = (
				3CC6B1F0175712C305D7306D /* [CP] Check Pods Manifest.lock */,
				B89E505C24B16CF30022F9C7 /* Sources */,
				B89E505D24B16CF30022F9C7 /* Frameworks */,
				B89E505E24B16CF30022F9C7 /* Resources */,
				B954B9CC011139D53D7D37DB /* [CP] Embed Pods Frameworks */,
			);
			buildRules = (
			);
			dependencies = (
			);
			name = "Bot L";
			productName = "Bot L";
			productReference = B89E506024B16CF30022F9C7 /* Bot L.app */;
			productType = "com.apple.product-type.application";
		};
		B89E507524B16CFD0022F9C7 /* Bot LTests */ = {
			isa = PBXNativeTarget;
			buildConfigurationList = B89E508224B16CFD0022F9C7 /* Build configuration list for PBXNativeTarget "Bot LTests" */;
			buildPhases = (
				63A6BDBE7AA867B3FB926BB0 /* [CP] Check Pods Manifest.lock */,
				B89E507224B16CFD0022F9C7 /* Sources */,
				B89E507324B16CFD0022F9C7 /* Frameworks */,
				B89E507424B16CFD0022F9C7 /* Resources */,
			);
			buildRules = (
			);
			dependencies = (
				B89E507824B16CFD0022F9C7 /* PBXTargetDependency */,
			);
			name = "Bot LTests";
			productName = "Bot LTests";
			productReference = B89E507624B16CFD0022F9C7 /* Bot LTests.xctest */;
			productType = "com.apple.product-type.bundle.unit-test";
		};
/* End PBXNativeTarget section */

/* Begin PBXProject section */
		B89E505824B16CF30022F9C7 /* Project object */ = {
			isa = PBXProject;
			attributes = {
				LastSwiftUpdateCheck = 1150;
				LastUpgradeCheck = 1220;
				ORGANIZATIONNAME = "Roger Luo";
				TargetAttributes = {
					B89E505F24B16CF30022F9C7 = {
						CreatedOnToolsVersion = 11.5;
					};
					B89E507524B16CFD0022F9C7 = {
						CreatedOnToolsVersion = 11.5;
						TestTargetID = B89E505F24B16CF30022F9C7;
					};
				};
			};
			buildConfigurationList = B89E505B24B16CF30022F9C7 /* Build configuration list for PBXProject "Bot L" */;
			compatibilityVersion = "Xcode 9.3";
			developmentRegion = en;
			hasScannedForEncodings = 0;
			knownRegions = (
				en,
				Base,
			);
			mainGroup = B89E505724B16CF30022F9C7;
			productRefGroup = B89E506124B16CF30022F9C7 /* Products */;
			projectDirPath = "";
			projectRoot = "";
			targets = (
				B89E505F24B16CF30022F9C7 /* Bot L */,
				B89E507524B16CFD0022F9C7 /* Bot LTests */,
			);
		};
/* End PBXProject section */

/* Begin PBXResourcesBuildPhase section */
		B89E505E24B16CF30022F9C7 /* Resources */ = {
			isa = PBXResourcesBuildPhase;
			buildActionMask = 2147483647;
			files = (
				B89E507024B16CFC0022F9C7 /* LaunchScreen.storyboard in Resources */,
				B89E506D24B16CFC0022F9C7 /* Preview Assets.xcassets in Resources */,
				B89E506A24B16CFC0022F9C7 /* Assets.xcassets in Resources */,
			);
			runOnlyForDeploymentPostprocessing = 0;
		};
		B89E507424B16CFD0022F9C7 /* Resources */ = {
			isa = PBXResourcesBuildPhase;
			buildActionMask = 2147483647;
			files = (
			);
			runOnlyForDeploymentPostprocessing = 0;
		};
/* End PBXResourcesBuildPhase section */

/* Begin PBXShellScriptBuildPhase section */
		3CC6B1F0175712C305D7306D /* [CP] Check Pods Manifest.lock */ = {
			isa = PBXShellScriptBuildPhase;
			buildActionMask = 2147483647;
			files = (
			);
			inputFileListPaths = (
			);
			inputPaths = (
				"${PODS_PODFILE_DIR_PATH}/Podfile.lock",
				"${PODS_ROOT}/Manifest.lock",
			);
			name = "[CP] Check Pods Manifest.lock";
			outputFileListPaths = (
			);
			outputPaths = (
				"$(DERIVED_FILE_DIR)/Pods-Bot L-checkManifestLockResult.txt",
			);
			runOnlyForDeploymentPostprocessing = 0;
			shellPath = /bin/sh;
			shellScript = "diff \"${PODS_PODFILE_DIR_PATH}/Podfile.lock\" \"${PODS_ROOT}/Manifest.lock\" > /dev/null\nif [ $? != 0 ] ; then\n    # print error to STDERR\n    echo \"error: The sandbox is not in sync with the Podfile.lock. Run 'pod install' or update your CocoaPods installation.\" >&2\n    exit 1\nfi\n# This output is used by Xcode 'outputs' to avoid re-running this script phase.\necho \"SUCCESS\" > \"${SCRIPT_OUTPUT_FILE_0}\"\n";
			showEnvVarsInLog = 0;
		};
		63A6BDBE7AA867B3FB926BB0 /* [CP] Check Pods Manifest.lock */ = {
			isa = PBXShellScriptBuildPhase;
			buildActionMask = 2147483647;
			files = (
			);
			inputFileListPaths = (
			);
			inputPaths = (
				"${PODS_PODFILE_DIR_PATH}/Podfile.lock",
				"${PODS_ROOT}/Manifest.lock",
			);
			name = "[CP] Check Pods Manifest.lock";
			outputFileListPaths = (
			);
			outputPaths = (
				"$(DERIVED_FILE_DIR)/Pods-Bot LTests-checkManifestLockResult.txt",
			);
			runOnlyForDeploymentPostprocessing = 0;
			shellPath = /bin/sh;
			shellScript = "diff \"${PODS_PODFILE_DIR_PATH}/Podfile.lock\" \"${PODS_ROOT}/Manifest.lock\" > /dev/null\nif [ $? != 0 ] ; then\n    # print error to STDERR\n    echo \"error: The sandbox is not in sync with the Podfile.lock. Run 'pod install' or update your CocoaPods installation.\" >&2\n    exit 1\nfi\n# This output is used by Xcode 'outputs' to avoid re-running this script phase.\necho \"SUCCESS\" > \"${SCRIPT_OUTPUT_FILE_0}\"\n";
			showEnvVarsInLog = 0;
		};
		B954B9CC011139D53D7D37DB /* [CP] Embed Pods Frameworks */ = {
			isa = PBXShellScriptBuildPhase;
			buildActionMask = 2147483647;
			files = (
			);
			inputFileListPaths = (
				"${PODS_ROOT}/Target Support Files/Pods-Bot L/Pods-Bot L-frameworks-${CONFIGURATION}-input-files.xcfilelist",
			);
			name = "[CP] Embed Pods Frameworks";
			outputFileListPaths = (
				"${PODS_ROOT}/Target Support Files/Pods-Bot L/Pods-Bot L-frameworks-${CONFIGURATION}-output-files.xcfilelist",
			);
			runOnlyForDeploymentPostprocessing = 0;
			shellPath = /bin/sh;
			shellScript = "\"${PODS_ROOT}/Target Support Files/Pods-Bot L/Pods-Bot L-frameworks.sh\"\n";
			showEnvVarsInLog = 0;
		};
/* End PBXShellScriptBuildPhase section */

/* Begin PBXSourcesBuildPhase section */
		B89E505C24B16CF30022F9C7 /* Sources */ = {
			isa = PBXSourcesBuildPhase;
			buildActionMask = 2147483647;
			files = (
				B89C335F24B54623007DC4EE /* Voice.swift in Sources */,
				B89E508E24B172FA0022F9C7 /* ContentMessageView.swift in Sources */,
				B89E508924B171E60022F9C7 /* User.swift in Sources */,
				B89C335A24B218C1007DC4EE /* Bot.swift in Sources */,
				B89C335D24B21F00007DC4EE /* KeyboardAware.swift in Sources */,
				B89E506424B16CF30022F9C7 /* AppDelegate.swift in Sources */,
				B89E509224B17CAC0022F9C7 /* ChatHelper.swift in Sources */,
				B89E509424B181E60022F9C7 /* ChatView.swift in Sources */,
				B89E508B24B171ED0022F9C7 /* Message.swift in Sources */,
				B89E506624B16CF30022F9C7 /* SceneDelegate.swift in Sources */,
				B89E509024B176420022F9C7 /* MessageView.swift in Sources */,
				B815C404259A033300CFC654 /* DbHelper.swift in Sources */,
				B89E509624B186300022F9C7 /* DataSource.swift in Sources */,
			);
			runOnlyForDeploymentPostprocessing = 0;
		};
		B89E507224B16CFD0022F9C7 /* Sources */ = {
			isa = PBXSourcesBuildPhase;
			buildActionMask = 2147483647;
			files = (
				B89E507B24B16CFD0022F9C7 /* Bot_LTests.swift in Sources */,
			);
			runOnlyForDeploymentPostprocessing = 0;
		};
/* End PBXSourcesBuildPhase section */

/* Begin PBXTargetDependency section */
		B89E507824B16CFD0022F9C7 /* PBXTargetDependency */ = {
			isa = PBXTargetDependency;
			target = B89E505F24B16CF30022F9C7 /* Bot L */;
			targetProxy = B89E507724B16CFD0022F9C7 /* PBXContainerItemProxy */;
		};
/* End PBXTargetDependency section */

/* Begin PBXVariantGroup section */
		B89E506E24B16CFC0022F9C7 /* LaunchScreen.storyboard */ = {
			isa = PBXVariantGroup;
			children = (
				B89E506F24B16CFC0022F9C7 /* Base */,
			);
			name = LaunchScreen.storyboard;
			sourceTree = "<group>";
		};
/* End PBXVariantGroup section */

/* Begin XCBuildConfiguration section */
		B89E507D24B16CFD0022F9C7 /* Debug */ = {
			isa = XCBuildConfiguration;
			buildSettings = {
				ALWAYS_SEARCH_USER_PATHS = NO;
				CLANG_ANALYZER_NONNULL = YES;
				CLANG_ANALYZER_NUMBER_OBJECT_CONVERSION = YES_AGGRESSIVE;
				CLANG_CXX_LANGUAGE_STANDARD = "gnu++14";
				CLANG_CXX_LIBRARY = "libc++";
				CLANG_ENABLE_MODULES = YES;
				CLANG_ENABLE_OBJC_ARC = YES;
				CLANG_ENABLE_OBJC_WEAK = YES;
				CLANG_WARN_BLOCK_CAPTURE_AUTORELEASING = YES;
				CLANG_WARN_BOOL_CONVERSION = YES;
				CLANG_WARN_COMMA = YES;
				CLANG_WARN_CONSTANT_CONVERSION = YES;
				CLANG_WARN_DEPRECATED_OBJC_IMPLEMENTATIONS = YES;
				CLANG_WARN_DIRECT_OBJC_ISA_USAGE = YES_ERROR;
				CLANG_WARN_DOCUMENTATION_COMMENTS = YES;
				CLANG_WARN_EMPTY_BODY = YES;
				CLANG_WARN_ENUM_CONVERSION = YES;
				CLANG_WARN_INFINITE_RECURSION = YES;
				CLANG_WARN_INT_CONVERSION = YES;
				CLANG_WARN_NON_LITERAL_NULL_CONVERSION = YES;
				CLANG_WARN_OBJC_IMPLICIT_RETAIN_SELF = YES;
				CLANG_WARN_OBJC_LITERAL_CONVERSION = YES;
				CLANG_WARN_OBJC_ROOT_CLASS = YES_ERROR;
				CLANG_WARN_QUOTED_INCLUDE_IN_FRAMEWORK_HEADER = YES;
				CLANG_WARN_RANGE_LOOP_ANALYSIS = YES;
				CLANG_WARN_STRICT_PROTOTYPES = YES;
				CLANG_WARN_SUSPICIOUS_MOVE = YES;
				CLANG_WARN_UNGUARDED_AVAILABILITY = YES_AGGRESSIVE;
				CLANG_WARN_UNREACHABLE_CODE = YES;
				CLANG_WARN__DUPLICATE_METHOD_MATCH = YES;
				COPY_PHASE_STRIP = NO;
				DEBUG_INFORMATION_FORMAT = dwarf;
				ENABLE_STRICT_OBJC_MSGSEND = YES;
				ENABLE_TESTABILITY = YES;
				GCC_C_LANGUAGE_STANDARD = gnu11;
				GCC_DYNAMIC_NO_PIC = NO;
				GCC_NO_COMMON_BLOCKS = YES;
				GCC_OPTIMIZATION_LEVEL = 0;
				GCC_PREPROCESSOR_DEFINITIONS = (
					"DEBUG=1",
					"$(inherited)",
				);
				GCC_WARN_64_TO_32_BIT_CONVERSION = YES;
				GCC_WARN_ABOUT_RETURN_TYPE = YES_ERROR;
				GCC_WARN_UNDECLARED_SELECTOR = YES;
				GCC_WARN_UNINITIALIZED_AUTOS = YES_AGGRESSIVE;
				GCC_WARN_UNUSED_FUNCTION = YES;
				GCC_WARN_UNUSED_VARIABLE = YES;
				IPHONEOS_DEPLOYMENT_TARGET = 13.5;
				MTL_ENABLE_DEBUG_INFO = INCLUDE_SOURCE;
				MTL_FAST_MATH = YES;
				ONLY_ACTIVE_ARCH = YES;
				SDKROOT = iphoneos;
				SWIFT_ACTIVE_COMPILATION_CONDITIONS = DEBUG;
				SWIFT_OPTIMIZATION_LEVEL = "-Onone";
			};
			name = Debug;
		};
		B89E507E24B16CFD0022F9C7 /* Release */ = {
			isa = XCBuildConfiguration;
			buildSettings = {
				ALWAYS_SEARCH_USER_PATHS = NO;
				CLANG_ANALYZER_NONNULL = YES;
				CLANG_ANALYZER_NUMBER_OBJECT_CONVERSION = YES_AGGRESSIVE;
				CLANG_CXX_LANGUAGE_STANDARD = "gnu++14";
				CLANG_CXX_LIBRARY = "libc++";
				CLANG_ENABLE_MODULES = YES;
				CLANG_ENABLE_OBJC_ARC = YES;
				CLANG_ENABLE_OBJC_WEAK = YES;
				CLANG_WARN_BLOCK_CAPTURE_AUTORELEASING = YES;
				CLANG_WARN_BOOL_CONVERSION = YES;
				CLANG_WARN_COMMA = YES;
				CLANG_WARN_CONSTANT_CONVERSION = YES;
				CLANG_WARN_DEPRECATED_OBJC_IMPLEMENTATIONS = YES;
				CLANG_WARN_DIRECT_OBJC_ISA_USAGE = YES_ERROR;
				CLANG_WARN_DOCUMENTATION_COMMENTS = YES;
				CLANG_WARN_EMPTY_BODY = YES;
				CLANG_WARN_ENUM_CONVERSION = YES;
				CLANG_WARN_INFINITE_RECURSION = YES;
				CLANG_WARN_INT_CONVERSION = YES;
				CLANG_WARN_NON_LITERAL_NULL_CONVERSION = YES;
				CLANG_WARN_OBJC_IMPLICIT_RETAIN_SELF = YES;
				CLANG_WARN_OBJC_LITERAL_CONVERSION = YES;
				CLANG_WARN_OBJC_ROOT_CLASS = YES_ERROR;
				CLANG_WARN_QUOTED_INCLUDE_IN_FRAMEWORK_HEADER = YES;
				CLANG_WARN_RANGE_LOOP_ANALYSIS = YES;
				CLANG_WARN_STRICT_PROTOTYPES = YES;
				CLANG_WARN_SUSPICIOUS_MOVE = YES;
				CLANG_WARN_UNGUARDED_AVAILABILITY = YES_AGGRESSIVE;
				CLANG_WARN_UNREACHABLE_CODE = YES;
				CLANG_WARN__DUPLICATE_METHOD_MATCH = YES;
				COPY_PHASE_STRIP = NO;
				DEBUG_INFORMATION_FORMAT = "dwarf-with-dsym";
				ENABLE_NS_ASSERTIONS = NO;
				ENABLE_STRICT_OBJC_MSGSEND = YES;
				GCC_C_LANGUAGE_STANDARD = gnu11;
				GCC_NO_COMMON_BLOCKS = YES;
				GCC_WARN_64_TO_32_BIT_CONVERSION = YES;
				GCC_WARN_ABOUT_RETURN_TYPE = YES_ERROR;
				GCC_WARN_UNDECLARED_SELECTOR = YES;
				GCC_WARN_UNINITIALIZED_AUTOS = YES_AGGRESSIVE;
				GCC_WARN_UNUSED_FUNCTION = YES;
				GCC_WARN_UNUSED_VARIABLE = YES;
				IPHONEOS_DEPLOYMENT_TARGET = 13.5;
				MTL_ENABLE_DEBUG_INFO = NO;
				MTL_FAST_MATH = YES;
				SDKROOT = iphoneos;
				SWIFT_COMPILATION_MODE = wholemodule;
				SWIFT_OPTIMIZATION_LEVEL = "-O";
				VALIDATE_PRODUCT = YES;
			};
			name = Release;
		};
		B89E508024B16CFD0022F9C7 /* Debug */ = {
			isa = XCBuildConfiguration;
			baseConfigurationReference = C8F7D28ECB09F13AC825637F /* Pods-Bot L.debug.xcconfig */;
			buildSettings = {
				ASSETCATALOG_COMPILER_APPICON_NAME = AppIcon;
				CODE_SIGN_STYLE = Automatic;
				DEVELOPMENT_ASSET_PATHS = "\"Bot L/Preview Content\"";
				DEVELOPMENT_TEAM = 7KXVPC4Y3C;
				ENABLE_PREVIEWS = YES;
				INFOPLIST_FILE = "Bot L/Info.plist";
				LD_RUNPATH_SEARCH_PATHS = (
					"$(inherited)",
					"@executable_path/Frameworks",
				);
				PRODUCT_BUNDLE_IDENTIFIER = "tk.tjroger.Bot-L";
				PRODUCT_NAME = "$(TARGET_NAME)";
				SWIFT_VERSION = 5.0;
				TARGETED_DEVICE_FAMILY = "1,2";
			};
			name = Debug;
		};
		B89E508124B16CFD0022F9C7 /* Release */ = {
			isa = XCBuildConfiguration;
			baseConfigurationReference = 4C3BEE18617127D11FC2A643 /* Pods-Bot L.release.xcconfig */;
			buildSettings = {
				ASSETCATALOG_COMPILER_APPICON_NAME = AppIcon;
				CODE_SIGN_STYLE = Automatic;
				DEVELOPMENT_ASSET_PATHS = "\"Bot L/Preview Content\"";
				DEVELOPMENT_TEAM = 7KXVPC4Y3C;
				ENABLE_PREVIEWS = YES;
				INFOPLIST_FILE = "Bot L/Info.plist";
				LD_RUNPATH_SEARCH_PATHS = (
					"$(inherited)",
					"@executable_path/Frameworks",
				);
				PRODUCT_BUNDLE_IDENTIFIER = "tk.tjroger.Bot-L";
				PRODUCT_NAME = "$(TARGET_NAME)";
				SWIFT_VERSION = 5.0;
				TARGETED_DEVICE_FAMILY = "1,2";
			};
			name = Release;
		};
		B89E508324B16CFD0022F9C7 /* Debug */ = {
			isa = XCBuildConfiguration;
			baseConfigurationReference = DD38C723A97EA249016505AB /* Pods-Bot LTests.debug.xcconfig */;
			buildSettings = {
				ALWAYS_EMBED_SWIFT_STANDARD_LIBRARIES = YES;
				BUNDLE_LOADER = "$(TEST_HOST)";
				CODE_SIGN_STYLE = Automatic;
				DEVELOPMENT_TEAM = 7KXVPC4Y3C;
				INFOPLIST_FILE = "Bot LTests/Info.plist";
				IPHONEOS_DEPLOYMENT_TARGET = 13.5;
				LD_RUNPATH_SEARCH_PATHS = (
					"$(inherited)",
					"@executable_path/Frameworks",
					"@loader_path/Frameworks",
				);
				PRODUCT_BUNDLE_IDENTIFIER = "tk.tjroger.Bot-LTests";
				PRODUCT_NAME = "$(TARGET_NAME)";
				SWIFT_VERSION = 5.0;
				TARGETED_DEVICE_FAMILY = "1,2";
				TEST_HOST = "$(BUILT_PRODUCTS_DIR)/Bot L.app/Bot L";
			};
			name = Debug;
		};
		B89E508424B16CFD0022F9C7 /* Release */ = {
			isa = XCBuildConfiguration;
			baseConfigurationReference = E3E0A77BC1B2A739EE9A186C /* Pods-Bot LTests.release.xcconfig */;
			buildSettings = {
				ALWAYS_EMBED_SWIFT_STANDARD_LIBRARIES = YES;
				BUNDLE_LOADER = "$(TEST_HOST)";
				CODE_SIGN_STYLE = Automatic;
				DEVELOPMENT_TEAM = 7KXVPC4Y3C;
				INFOPLIST_FILE = "Bot LTests/Info.plist";
				IPHONEOS_DEPLOYMENT_TARGET = 13.5;
				LD_RUNPATH_SEARCH_PATHS = (
					"$(inherited)",
					"@executable_path/Frameworks",
					"@loader_path/Frameworks",
				);
				PRODUCT_BUNDLE_IDENTIFIER = "tk.tjroger.Bot-LTests";
				PRODUCT_NAME = "$(TARGET_NAME)";
				SWIFT_VERSION = 5.0;
				TARGETED_DEVICE_FAMILY = "1,2";
				TEST_HOST = "$(BUILT_PRODUCTS_DIR)/Bot L.app/Bot L";
			};
			name = Release;
		};
/* End XCBuildConfiguration section */

/* Begin XCConfigurationList section */
		B89E505B24B16CF30022F9C7 /* Build configuration list for PBXProject "Bot L" */ = {
			isa = XCConfigurationList;
			buildConfigurations = (
				B89E507D24B16CFD0022F9C7 /* Debug */,
				B89E507E24B16CFD0022F9C7 /* Release */,
			);
			defaultConfigurationIsVisible = 0;
			defaultConfigurationName = Release;
		};
		B89E507F24B16CFD0022F9C7 /* Build configuration list for PBXNativeTarget "Bot L" */ = {
			isa = XCConfigurationList;
			buildConfigurations = (
				B89E508024B16CFD0022F9C7 /* Debug */,
				B89E508124B16CFD0022F9C7 /* Release */,
			);
			defaultConfigurationIsVisible = 0;
			defaultConfigurationName = Release;
		};
		B89E508224B16CFD0022F9C7 /* Build configuration list for PBXNativeTarget "Bot LTests" */ = {
			isa = XCConfigurationList;
			buildConfigurations = (
				B89E508324B16CFD0022F9C7 /* Debug */,
				B89E508424B16CFD0022F9C7 /* Release */,
			);
			defaultConfigurationIsVisible = 0;
			defaultConfigurationName = Release;
		};
/* End XCConfigurationList section */
	};
	rootObject = B89E505824B16CF30022F9C7 /* Project object */;
}
